
Microsoft Visual Studio Solution File, Format Version 12.00
# Visual Studio Version 16
VisualStudioVersion = 16.0.30320.27
MinimumVisualStudioVersion = 10.0.40219.1
Project("{D2ABAB84-BF74-430A-B69E-9DC6D40DDA17}") = "ASP_Cubo_OLAP", "ASP_Cubo_OLAP\ASP_Cubo_OLAP.dwproj", "{E60EAB6D-5402-4C2E-828C-ECF347814D83}"
EndProject
Global
	GlobalSection(SolutionConfigurationPlatforms) = preSolution
		Development|Default = Development|Default
	EndGlobalSection
	GlobalSection(ProjectConfigurationPlatforms) = postSolution
		{E60EAB6D-5402-4C2E-828C-ECF347814D83}.Development|Default.ActiveCfg = Development
		{E60EAB6D-5402-4C2E-828C-ECF347814D83}.Development|Default.Build.0 = Development
		{E60EAB6D-5402-4C2E-828C-ECF347814D83}.Development|Default.Deploy.0 = Development
	EndGlobalSection
	GlobalSection(SolutionProperties) = preSolution
		HideSolutionNode = FALSE
	EndGlobalSection
	GlobalSection(ExtensibilityGlobals) = postSolution
		SolutionGuid = {DE83E190-F83B-4325-AB4B-4427D8B12773}
	EndGlobalSection
EndGlobal
